
Microsoft Visual Studio Solution File, Format Version 12.00
Project("{FAE04EC0-301F-11D3-BF4B-00C04F79EFBC}") = "DaySeven", "DaySeven\DaySeven.csproj", "{DCD0E63C-FCC0-43EF-A51F-244BDC8D5550}"
EndProject
Global
	GlobalSection(SolutionConfigurationPlatforms) = preSolution
		Debug|Any CPU = Debug|Any CPU
		Release|Any CPU = Release|Any CPU
	EndGlobalSection
	GlobalSection(ProjectConfigurationPlatforms) = postSolution
		{DCD0E63C-FCC0-43EF-A51F-244BDC8D5550}.Debug|Any CPU.ActiveCfg = Debug|Any CPU
		{DCD0E63C-FCC0-43EF-A51F-244BDC8D5550}.Debug|Any CPU.Build.0 = Debug|Any CPU
		{DCD0E63C-FCC0-43EF-A51F-244BDC8D5550}.Release|Any CPU.ActiveCfg = Release|Any CPU
		{DCD0E63C-FCC0-43EF-A51F-244BDC8D5550}.Release|Any CPU.Build.0 = Release|Any CPU
	EndGlobalSection
EndGlobal
