
Microsoft Visual Studio Solution File, Format Version 12.00
# Visual Studio Version 17
VisualStudioVersion = 17.0.31912.275
MinimumVisualStudioVersion = 10.0.40219.1
Project("{FAE04EC0-301F-11D3-BF4B-00C04F79EFBC}") = "DayFour", "DayFour\DayFour.csproj", "{59581B46-D79E-4D89-A174-99CCA40254BD}"
EndProject
Global
	GlobalSection(SolutionConfigurationPlatforms) = preSolution
		Debug|Any CPU = Debug|Any CPU
		Release|Any CPU = Release|Any CPU
	EndGlobalSection
	GlobalSection(ProjectConfigurationPlatforms) = postSolution
		{59581B46-D79E-4D89-A174-99CCA40254BD}.Debug|Any CPU.ActiveCfg = Debug|Any CPU
		{59581B46-D79E-4D89-A174-99CCA40254BD}.Debug|Any CPU.Build.0 = Debug|Any CPU
		{59581B46-D79E-4D89-A174-99CCA40254BD}.Release|Any CPU.ActiveCfg = Release|Any CPU
		{59581B46-D79E-4D89-A174-99CCA40254BD}.Release|Any CPU.Build.0 = Release|Any CPU
	EndGlobalSection
	GlobalSection(SolutionProperties) = preSolution
		HideSolutionNode = FALSE
	EndGlobalSection
	GlobalSection(ExtensibilityGlobals) = postSolution
		SolutionGuid = {4D3EA3B1-6BE6-402C-8D2C-7B60D402985A}
	EndGlobalSection
EndGlobal
