
Microsoft Visual Studio Solution File, Format Version 12.00
Project("{FAE04EC0-301F-11D3-BF4B-00C04F79EFBC}") = "DayEight", "DayEight\DayEight.csproj", "{2E317DFC-C5B5-4CAD-AF3A-3673916C55AF}"
EndProject
Global
	GlobalSection(SolutionConfigurationPlatforms) = preSolution
		Debug|Any CPU = Debug|Any CPU
		Release|Any CPU = Release|Any CPU
	EndGlobalSection
	GlobalSection(ProjectConfigurationPlatforms) = postSolution
		{2E317DFC-C5B5-4CAD-AF3A-3673916C55AF}.Debug|Any CPU.ActiveCfg = Debug|Any CPU
		{2E317DFC-C5B5-4CAD-AF3A-3673916C55AF}.Debug|Any CPU.Build.0 = Debug|Any CPU
		{2E317DFC-C5B5-4CAD-AF3A-3673916C55AF}.Release|Any CPU.ActiveCfg = Release|Any CPU
		{2E317DFC-C5B5-4CAD-AF3A-3673916C55AF}.Release|Any CPU.Build.0 = Release|Any CPU
	EndGlobalSection
EndGlobal
